
Microsoft Visual Studio Solution File, Format Version 12.00
# Visual Studio Version 17
VisualStudioVersion = 17.7.34202.233
MinimumVisualStudioVersion = 10.0.40219.1
Project("{9A19103F-16F7-4668-BE54-9A1E7A4F7556}") = "PizzaManager", "PizzaManager.csproj", "{008A96CA-35C5-4296-9968-86064EA12492}"
EndProject
Project("{9A19103F-16F7-4668-BE54-9A1E7A4F7556}") = "PizzaManagerTests", "..\PizzaManagerTests\PizzaManagerTests.csproj", "{F02AEFA6-9507-4901-8469-FDF7B5D927D3}"
EndProject
Project("{FAE04EC0-301F-11D3-BF4B-00C04F79EFBC}") = "Pizza", "..\Pizza\Pizza.csproj", "{B889E3AE-8346-4805-9F5C-C7561106164D}"
EndProject
Global
	GlobalSection(SolutionConfigurationPlatforms) = preSolution
		Debug|Any CPU = Debug|Any CPU
		Release|Any CPU = Release|Any CPU
	EndGlobalSection
	GlobalSection(ProjectConfigurationPlatforms) = postSolution
		{008A96CA-35C5-4296-9968-86064EA12492}.Debug|Any CPU.ActiveCfg = Debug|Any CPU
		{008A96CA-35C5-4296-9968-86064EA12492}.Debug|Any CPU.Build.0 = Debug|Any CPU
		{008A96CA-35C5-4296-9968-86064EA12492}.Release|Any CPU.ActiveCfg = Release|Any CPU
		{008A96CA-35C5-4296-9968-86064EA12492}.Release|Any CPU.Build.0 = Release|Any CPU
		{F02AEFA6-9507-4901-8469-FDF7B5D927D3}.Debug|Any CPU.ActiveCfg = Debug|Any CPU
		{F02AEFA6-9507-4901-8469-FDF7B5D927D3}.Debug|Any CPU.Build.0 = Debug|Any CPU
		{F02AEFA6-9507-4901-8469-FDF7B5D927D3}.Release|Any CPU.ActiveCfg = Release|Any CPU
		{F02AEFA6-9507-4901-8469-FDF7B5D927D3}.Release|Any CPU.Build.0 = Release|Any CPU
		{B889E3AE-8346-4805-9F5C-C7561106164D}.Debug|Any CPU.ActiveCfg = Debug|Any CPU
		{B889E3AE-8346-4805-9F5C-C7561106164D}.Debug|Any CPU.Build.0 = Debug|Any CPU
		{B889E3AE-8346-4805-9F5C-C7561106164D}.Release|Any CPU.ActiveCfg = Release|Any CPU
		{B889E3AE-8346-4805-9F5C-C7561106164D}.Release|Any CPU.Build.0 = Release|Any CPU
	EndGlobalSection
	GlobalSection(SolutionProperties) = preSolution
		HideSolutionNode = FALSE
	EndGlobalSection
	GlobalSection(ExtensibilityGlobals) = postSolution
		SolutionGuid = {60ECE9B4-A324-4B1B-BCAA-EB2CD0CA5BDE}
	EndGlobalSection
EndGlobal
